
Microsoft Visual Studio Solution File, Format Version 12.00
# Visual Studio Version 16
VisualStudioVersion = 16.0.30611.23
MinimumVisualStudioVersion = 10.0.40219.1
Project("{FAE04EC0-301F-11D3-BF4B-00C04F79EFBC}") = "PhoneBook", "PhoneBook\PhoneBook.csproj", "{D0BD9690-134D-47B9-BE66-6F954CE1752E}"
EndProject
Global
	GlobalSection(SolutionConfigurationPlatforms) = preSolution
		Debug|Any CPU = Debug|Any CPU
		Release|Any CPU = Release|Any CPU
	EndGlobalSection
	GlobalSection(ProjectConfigurationPlatforms) = postSolution
		{D0BD9690-134D-47B9-BE66-6F954CE1752E}.Debug|Any CPU.ActiveCfg = Debug|Any CPU
		{D0BD9690-134D-47B9-BE66-6F954CE1752E}.Debug|Any CPU.Build.0 = Debug|Any CPU
		{D0BD9690-134D-47B9-BE66-6F954CE1752E}.Release|Any CPU.ActiveCfg = Release|Any CPU
		{D0BD9690-134D-47B9-BE66-6F954CE1752E}.Release|Any CPU.Build.0 = Release|Any CPU
	EndGlobalSection
	GlobalSection(SolutionProperties) = preSolution
		HideSolutionNode = FALSE
	EndGlobalSection
	GlobalSection(ExtensibilityGlobals) = postSolution
		SolutionGuid = {6DD43E73-DFCE-4F6B-BF1F-A7474A29D718}
	EndGlobalSection
EndGlobal
